
Microsoft Visual Studio Solution File, Format Version 12.00
# Visual Studio Version 17
VisualStudioVersion = 17.7.34031.279
MinimumVisualStudioVersion = 10.0.40219.1
Project("{9A19103F-16F7-4668-BE54-9A1E7A4F7556}") = "WebApplication", "WebApplication\WebApplication.csproj", "{20051D91-BEE4-4549-B155-F375557FCD18}"
EndProject
Project("{FAE04EC0-301F-11D3-BF4B-00C04F79EFBC}") = "Contracts", "Contracts\Contracts.csproj", "{13892406-BEA3-4F37-AC15-0370BABE1E63}"
EndProject
Project("{FAE04EC0-301F-11D3-BF4B-00C04F79EFBC}") = "LoggerService", "LoggerService\LoggerService.csproj", "{71972A6A-CA81-4912-8818-18CE9858EA61}"
EndProject
Project("{FAE04EC0-301F-11D3-BF4B-00C04F79EFBC}") = "Entities", "Entities\Entities.csproj", "{1319D80C-A7B4-4B7D-AB40-564C64D2A291}"
EndProject
Project("{FAE04EC0-301F-11D3-BF4B-00C04F79EFBC}") = "Repository", "Repository\Repository.csproj", "{B381247C-9112-4B5A-BA22-42EF6B8169C4}"
EndProject
Global
	GlobalSection(SolutionConfigurationPlatforms) = preSolution
		Debug|Any CPU = Debug|Any CPU
		Release|Any CPU = Release|Any CPU
	EndGlobalSection
	GlobalSection(ProjectConfigurationPlatforms) = postSolution
		{20051D91-BEE4-4549-B155-F375557FCD18}.Debug|Any CPU.ActiveCfg = Debug|Any CPU
		{20051D91-BEE4-4549-B155-F375557FCD18}.Debug|Any CPU.Build.0 = Debug|Any CPU
		{20051D91-BEE4-4549-B155-F375557FCD18}.Release|Any CPU.ActiveCfg = Release|Any CPU
		{20051D91-BEE4-4549-B155-F375557FCD18}.Release|Any CPU.Build.0 = Release|Any CPU
		{13892406-BEA3-4F37-AC15-0370BABE1E63}.Debug|Any CPU.ActiveCfg = Debug|Any CPU
		{13892406-BEA3-4F37-AC15-0370BABE1E63}.Debug|Any CPU.Build.0 = Debug|Any CPU
		{13892406-BEA3-4F37-AC15-0370BABE1E63}.Release|Any CPU.ActiveCfg = Release|Any CPU
		{13892406-BEA3-4F37-AC15-0370BABE1E63}.Release|Any CPU.Build.0 = Release|Any CPU
		{71972A6A-CA81-4912-8818-18CE9858EA61}.Debug|Any CPU.ActiveCfg = Debug|Any CPU
		{71972A6A-CA81-4912-8818-18CE9858EA61}.Debug|Any CPU.Build.0 = Debug|Any CPU
		{71972A6A-CA81-4912-8818-18CE9858EA61}.Release|Any CPU.ActiveCfg = Release|Any CPU
		{71972A6A-CA81-4912-8818-18CE9858EA61}.Release|Any CPU.Build.0 = Release|Any CPU
		{1319D80C-A7B4-4B7D-AB40-564C64D2A291}.Debug|Any CPU.ActiveCfg = Debug|Any CPU
		{1319D80C-A7B4-4B7D-AB40-564C64D2A291}.Debug|Any CPU.Build.0 = Debug|Any CPU
		{1319D80C-A7B4-4B7D-AB40-564C64D2A291}.Release|Any CPU.ActiveCfg = Release|Any CPU
		{1319D80C-A7B4-4B7D-AB40-564C64D2A291}.Release|Any CPU.Build.0 = Release|Any CPU
		{B381247C-9112-4B5A-BA22-42EF6B8169C4}.Debug|Any CPU.ActiveCfg = Debug|Any CPU
		{B381247C-9112-4B5A-BA22-42EF6B8169C4}.Debug|Any CPU.Build.0 = Debug|Any CPU
		{B381247C-9112-4B5A-BA22-42EF6B8169C4}.Release|Any CPU.ActiveCfg = Release|Any CPU
		{B381247C-9112-4B5A-BA22-42EF6B8169C4}.Release|Any CPU.Build.0 = Release|Any CPU
	EndGlobalSection
	GlobalSection(SolutionProperties) = preSolution
		HideSolutionNode = FALSE
	EndGlobalSection
	GlobalSection(ExtensibilityGlobals) = postSolution
		SolutionGuid = {E71EF9A9-DCF7-4367-B70A-4A577CFFF1A3}
	EndGlobalSection
EndGlobal
